
Microsoft Visual Studio Solution File, Format Version 12.00
# Visual Studio 2013
VisualStudioVersion = 12.0.21005.1
MinimumVisualStudioVersion = 10.0.40219.1
Project("{FAE04EC0-301F-11D3-BF4B-00C04F79EFBC}") = "SQLite.Scaffolder", "SQLite.Scaffolder\SQLite.Scaffolder.csproj", "{E153D67E-665B-4174-A862-4D3C87AF3A03}"
EndProject
Project("{FAE04EC0-301F-11D3-BF4B-00C04F79EFBC}") = "SQLite.Scaffolder.Example", "SQLite.Scaffolder.Example\SQLite.Scaffolder.Example.csproj", "{0DE224FB-E9D8-43BA-AEAF-988772371F7F}"
EndProject
Project("{2150E333-8FDC-42A3-9474-1A3956D46DE8}") = ".nuget", ".nuget", "{B6BF107A-8C42-4894-9157-632BEA03AEEA}"
	ProjectSection(SolutionItems) = preProject
		.nuget\NuGet.Config = .nuget\NuGet.Config
		.nuget\NuGet.exe = .nuget\NuGet.exe
		.nuget\NuGet.targets = .nuget\NuGet.targets
	EndProjectSection
EndProject
Global
	GlobalSection(SolutionConfigurationPlatforms) = preSolution
		Debug|Any CPU = Debug|Any CPU
		Release|Any CPU = Release|Any CPU
	EndGlobalSection
	GlobalSection(ProjectConfigurationPlatforms) = postSolution
		{E153D67E-665B-4174-A862-4D3C87AF3A03}.Debug|Any CPU.ActiveCfg = Debug|Any CPU
		{E153D67E-665B-4174-A862-4D3C87AF3A03}.Debug|Any CPU.Build.0 = Debug|Any CPU
		{E153D67E-665B-4174-A862-4D3C87AF3A03}.Release|Any CPU.ActiveCfg = Release|Any CPU
		{E153D67E-665B-4174-A862-4D3C87AF3A03}.Release|Any CPU.Build.0 = Release|Any CPU
		{0DE224FB-E9D8-43BA-AEAF-988772371F7F}.Debug|Any CPU.ActiveCfg = Debug|Any CPU
		{0DE224FB-E9D8-43BA-AEAF-988772371F7F}.Debug|Any CPU.Build.0 = Debug|Any CPU
		{0DE224FB-E9D8-43BA-AEAF-988772371F7F}.Release|Any CPU.ActiveCfg = Release|Any CPU
		{0DE224FB-E9D8-43BA-AEAF-988772371F7F}.Release|Any CPU.Build.0 = Release|Any CPU
	EndGlobalSection
	GlobalSection(SolutionProperties) = preSolution
		HideSolutionNode = FALSE
	EndGlobalSection
EndGlobal
